
Microsoft Visual Studio Solution File, Format Version 12.00
# Visual Studio 15
VisualStudioVersion = 15.0.36324.19
MinimumVisualStudioVersion = 10.0.40219.1
Project("{8BC9CEB8-8B4A-11D0-8D11-00A0C91BC942}") = "Client", "src\client\client.vcxproj", "{9CFAA9FF-15A1-441B-ABAE-E111D1DA856C}"
EndProject
Global
	GlobalSection(SolutionConfigurationPlatforms) = preSolution
		Debug|x86 = Debug|x86
		Release|x86 = Release|x86
	EndGlobalSection
	GlobalSection(ProjectConfigurationPlatforms) = postSolution
		{9CFAA9FF-15A1-441B-ABAE-E111D1DA856C}.Debug|x86.ActiveCfg = Debug|Win32
		{9CFAA9FF-15A1-441B-ABAE-E111D1DA856C}.Debug|x86.Build.0 = Debug|Win32
		{9CFAA9FF-15A1-441B-ABAE-E111D1DA856C}.Release|x86.ActiveCfg = Release|Win32
		{9CFAA9FF-15A1-441B-ABAE-E111D1DA856C}.Release|x86.Build.0 = Release|Win32
	EndGlobalSection
	GlobalSection(SolutionProperties) = preSolution
		HideSolutionNode = FALSE
	EndGlobalSection
	GlobalSection(ExtensibilityGlobals) = postSolution
		SolutionGuid = {176BA969-09A6-4D5F-BD1B-DB2362D97C91}
	EndGlobalSection
EndGlobal
